// !$*UTF8*$!
{
	archiveVersion = 1;
	classes = {
	};
	objectVersion = 77;
	objects = {

/* Begin PBXContainerItemProxy section */
		44799B5A2C9BFA6100704D0D /* PBXContainerItemProxy */ = {
			isa = PBXContainerItemProxy;
			containerPortal = 44799B412C9BFA6000704D0D /* Project object */;
			proxyType = 1;
			remoteGlobalIDString = 44799B482C9BFA6000704D0D;
			remoteInfo = MapLocationApp;
		};
		44799B642C9BFA6100704D0D /* PBXContainerItemProxy */ = {
			isa = PBXContainerItemProxy;
			containerPortal = 44799B412C9BFA6000704D0D /* Project object */;
			proxyType = 1;
			remoteGlobalIDString = 44799B482C9BFA6000704D0D;
			remoteInfo = MapLocationApp;
		};
/* End PBXContainerItemProxy section */

/* Begin PBXFileReference section */
		44799B492C9BFA6000704D0D /* MapLocationApp.app */ = {isa = PBXFileReference; explicitFileType = wrapper.application; includeInIndex = 0; path = MapLocationApp.app; sourceTree = BUILT_PRODUCTS_DIR; };
		44799B592C9BFA6100704D0D /* MapLocationAppTests.xctest */ = {isa = PBXFileReference; explicitFileType = wrapper.cfbundle; includeInIndex = 0; path = MapLocationAppTests.xctest; sourceTree = BUILT_PRODUCTS_DIR; };
		44799B632C9BFA6100704D0D /* MapLocationAppUITests.xctest */ = {isa = PBXFileReference; explicitFileType = wrapper.cfbundle; includeInIndex = 0; path = MapLocationAppUITests.xctest; sourceTree = BUILT_PRODUCTS_DIR; };
/* End PBXFileReference section */

/* Begin PBXFileSystemSynchronizedBuildFileExceptionSet section */
		44799BA52C9BFFD300704D0D /* Exceptions for "MapLocationApp" folder in "MapLocationApp" target */ = {
			isa = PBXFileSystemSynchronizedBuildFileExceptionSet;
			membershipExceptions = (
				Info.plist,
			);
			target = 44799B482C9BFA6000704D0D /* MapLocationApp */;
		};
/* End PBXFileSystemSynchronizedBuildFileExceptionSet section */

/* Begin PBXFileSystemSynchronizedRootGroup section */
		44799B4B2C9BFA6000704D0D /* MapLocationApp */ = {
			isa = PBXFileSystemSynchronizedRootGroup;
			exceptions = (
				44799BA52C9BFFD300704D0D /* Exceptions for "MapLocationApp" folder in "MapLocationApp" target */,
			);
			path = MapLocationApp;
			sourceTree = "<group>";
		};
		44799B5C2C9BFA6100704D0D /* MapLocationAppTests */ = {
			isa = PBXFileSystemSynchronizedRootGroup;
			path = MapLocationAppTests;
			sourceTree = "<group>";
		};
		44799B662C9BFA6100704D0D /* MapLocationAppUITests */ = {
			isa = PBXFileSystemSynchronizedRootGroup;
			path = MapLocationAppUITests;
			sourceTree = "<group>";
		};
/* End PBXFileSystemSynchronizedRootGroup section */

/* Begin PBXFrameworksBuildPhase section */
		44799B462C9BFA6000704D0D /* Frameworks */ = {
			isa = PBXFrameworksBuildPhase;
			buildActionMask = 2147483647;
			files = (
			);
			runOnlyForDeploymentPostprocessing = 0;
		};
		44799B562C9BFA6100704D0D /* Frameworks */ = {
			isa = PBXFrameworksBuildPhase;
			buildActionMask = 2147483647;
			files = (
			);
			runOnlyForDeploymentPostprocessing = 0;
		};
		44799B602C9BFA6100704D0D /* Frameworks */ = {
			isa = PBXFrameworksBuildPhase;
			buildActionMask = 2147483647;
			files = (
			);
			runOnlyForDeploymentPostprocessing = 0;
		};
/* End PBXFrameworksBuildPhase section */

/* Begin PBXGroup section */
		44799B402C9BFA6000704D0D = {
			isa = PBXGroup;
			children = (
				44799B4B2C9BFA6000704D0D /* MapLocationApp */,
				44799B5C2C9BFA6100704D0D /* MapLocationAppTests */,
				44799B662C9BFA6100704D0D /* MapLocationAppUITests */,
				44799B4A2C9BFA6000704D0D /* Products */,
			);
			sourceTree = "<group>";
		};
		44799B4A2C9BFA6000704D0D /* Products */ = {
			isa = PBXGroup;
			children = (
				44799B492C9BFA6000704D0D /* MapLocationApp.app */,
				44799B592C9BFA6100704D0D /* MapLocationAppTests.xctest */,
				44799B632C9BFA6100704D0D /* MapLocationAppUITests.xctest */,
			);
			name = Products;
			sourceTree = "<group>";
		};
/* End PBXGroup section */

/* Begin PBXNativeTarget section */
		44799B482C9BFA6000704D0D /* MapLocationApp */ = {
			isa = PBXNativeTarget;
			buildConfigurationList = 44799B6D2C9BFA6100704D0D /* Build configuration list for PBXNativeTarget "MapLocationApp" */;
			buildPhases = (
				44799B452C9BFA6000704D0D /* Sources */,
				44799B462C9BFA6000704D0D /* Frameworks */,
				44799B472C9BFA6000704D0D /* Resources */,
			);
			buildRules = (
			);
			dependencies = (
			);
			fileSystemSynchronizedGroups = (
				44799B4B2C9BFA6000704D0D /* MapLocationApp */,
			);
			name = MapLocationApp;
			packageProductDependencies = (
			);
			productName = MapLocationApp;
			productReference = 44799B492C9BFA6000704D0D /* MapLocationApp.app */;
			productType = "com.apple.product-type.application";
		};
		44799B582C9BFA6100704D0D /* MapLocationAppTests */ = {
			isa = PBXNativeTarget;
			buildConfigurationList = 44799B702C9BFA6100704D0D /* Build configuration list for PBXNativeTarget "MapLocationAppTests" */;
			buildPhases = (
				44799B552C9BFA6100704D0D /* Sources */,
				44799B562C9BFA6100704D0D /* Frameworks */,
				44799B572C9BFA6100704D0D /* Resources */,
			);
			buildRules = (
			);
			dependencies = (
				44799B5B2C9BFA6100704D0D /* PBXTargetDependency */,
			);
			fileSystemSynchronizedGroups = (
				44799B5C2C9BFA6100704D0D /* MapLocationAppTests */,
			);
			name = MapLocationAppTests;
			packageProductDependencies = (
			);
			productName = MapLocationAppTests;
			productReference = 44799B592C9BFA6100704D0D /* MapLocationAppTests.xctest */;
			productType = "com.apple.product-type.bundle.unit-test";
		};
		44799B622C9BFA6100704D0D /* MapLocationAppUITests */ = {
			isa = PBXNativeTarget;
			buildConfigurationList = 44799B732C9BFA6100704D0D /* Build configuration list for PBXNativeTarget "MapLocationAppUITests" */;
			buildPhases = (
				44799B5F2C9BFA6100704D0D /* Sources */,
				44799B602C9BFA6100704D0D /* Frameworks */,
				44799B612C9BFA6100704D0D /* Resources */,
			);
			buildRules = (
			);
			dependencies = (
				44799B652C9BFA6100704D0D /* PBXTargetDependency */,
			);
			fileSystemSynchronizedGroups = (
				44799B662C9BFA6100704D0D /* MapLocationAppUITests */,
			);
			name = MapLocationAppUITests;
			packageProductDependencies = (
			);
			productName = MapLocationAppUITests;
			productReference = 44799B632C9BFA6100704D0D /* MapLocationAppUITests.xctest */;
			productType = "com.apple.product-type.bundle.ui-testing";
		};
/* End PBXNativeTarget section */

/* Begin PBXProject section */
		44799B412C9BFA6000704D0D /* Project object */ = {
			isa = PBXProject;
			attributes = {
				BuildIndependentTargetsInParallel = 1;
				LastSwiftUpdateCheck = 1600;
				LastUpgradeCheck = 1600;
				TargetAttributes = {
					44799B482C9BFA6000704D0D = {
						CreatedOnToolsVersion = 16.0;
					};
					44799B582C9BFA6100704D0D = {
						CreatedOnToolsVersion = 16.0;
						TestTargetID = 44799B482C9BFA6000704D0D;
					};
					44799B622C9BFA6100704D0D = {
						CreatedOnToolsVersion = 16.0;
						TestTargetID = 44799B482C9BFA6000704D0D;
					};
				};
			};
			buildConfigurationList = 44799B442C9BFA6000704D0D /* Build configuration list for PBXProject "MapLocationApp" */;
			developmentRegion = en;
			hasScannedForEncodings = 0;
			knownRegions = (
				en,
				Base,
			);
			mainGroup = 44799B402C9BFA6000704D0D;
			minimizedProjectReferenceProxies = 1;
			preferredProjectObjectVersion = 77;
			productRefGroup = 44799B4A2C9BFA6000704D0D /* Products */;
			projectDirPath = "";
			projectRoot = "";
			targets = (
				44799B482C9BFA6000704D0D /* MapLocationApp */,
				44799B582C9BFA6100704D0D /* MapLocationAppTests */,
				44799B622C9BFA6100704D0D /* MapLocationAppUITests */,
			);
		};
/* End PBXProject section */

/* Begin PBXResourcesBuildPhase section */
		44799B472C9BFA6000704D0D /* Resources */ = {
			isa = PBXResourcesBuildPhase;
			buildActionMask = 2147483647;
			files = (
			);
			runOnlyForDeploymentPostprocessing = 0;
		};
		44799B572C9BFA6100704D0D /* Resources */ = {
			isa = PBXResourcesBuildPhase;
			buildActionMask = 2147483647;
			files = (
			);
			runOnlyForDeploymentPostprocessing = 0;
		};
		44799B612C9BFA6100704D0D /* Resources */ = {
			isa = PBXResourcesBuildPhase;
			buildActionMask = 2147483647;
			files = (
			);
			runOnlyForDeploymentPostprocessing = 0;
		};
/* End PBXResourcesBuildPhase section */

/* Begin PBXSourcesBuildPhase section */
		44799B452C9BFA6000704D0D /* Sources */ = {
			isa = PBXSourcesBuildPhase;
			buildActionMask = 2147483647;
			files = (
			);
			runOnlyForDeploymentPostprocessing = 0;
		};
		44799B552C9BFA6100704D0D /* Sources */ = {
			isa = PBXSourcesBuildPhase;
			buildActionMask = 2147483647;
			files = (
			);
			runOnlyForDeploymentPostprocessing = 0;
		};
		44799B5F2C9BFA6100704D0D /* Sources */ = {
			isa = PBXSourcesBuildPhase;
			buildActionMask = 2147483647;
			files = (
			);
			runOnlyForDeploymentPostprocessing = 0;
		};
/* End PBXSourcesBuildPhase section */

/* Begin PBXTargetDependency section */
		44799B5B2C9BFA6100704D0D /* PBXTargetDependency */ = {
			isa = PBXTargetDependency;
			target = 44799B482C9BFA6000704D0D /* MapLocationApp */;
			targetProxy = 44799B5A2C9BFA6100704D0D /* PBXContainerItemProxy */;
		};
		44799B652C9BFA6100704D0D /* PBXTargetDependency */ = {
			isa = PBXTargetDependency;
			target = 44799B482C9BFA6000704D0D /* MapLocationApp */;
			targetProxy = 44799B642C9BFA6100704D0D /* PBXContainerItemProxy */;
		};
/* End PBXTargetDependency section */

/* Begin XCBuildConfiguration section */
		44799B6B2C9BFA6100704D0D /* Debug */ = {
			isa = XCBuildConfiguration;
			buildSettings = {
				ALWAYS_SEARCH_USER_PATHS = NO;
				ASSETCATALOG_COMPILER_GENERATE_SWIFT_ASSET_SYMBOL_EXTENSIONS = YES;
				CLANG_ANALYZER_NONNULL = YES;
				CLANG_ANALYZER_NUMBER_OBJECT_CONVERSION = YES_AGGRESSIVE;
				CLANG_CXX_LANGUAGE_STANDARD = "gnu++20";
				CLANG_ENABLE_MODULES = YES;
				CLANG_ENABLE_OBJC_ARC = YES;
				CLANG_ENABLE_OBJC_WEAK = YES;
				CLANG_WARN_BLOCK_CAPTURE_AUTORELEASING = YES;
				CLANG_WARN_BOOL_CONVERSION = YES;
				CLANG_WARN_COMMA = YES;
				CLANG_WARN_CONSTANT_CONVERSION = YES;
				CLANG_WARN_DEPRECATED_OBJC_IMPLEMENTATIONS = YES;
				CLANG_WARN_DIRECT_OBJC_ISA_USAGE = YES_ERROR;
				CLANG_WARN_DOCUMENTATION_COMMENTS = YES;
				CLANG_WARN_EMPTY_BODY = YES;
				CLANG_WARN_ENUM_CONVERSION = YES;
				CLANG_WARN_INFINITE_RECURSION = YES;
				CLANG_WARN_INT_CONVERSION = YES;
				CLANG_WARN_NON_LITERAL_NULL_CONVERSION = YES;
				CLANG_WARN_OBJC_IMPLICIT_RETAIN_SELF = YES;
				CLANG_WARN_OBJC_LITERAL_CONVERSION = YES;
				CLANG_WARN_OBJC_ROOT_CLASS = YES_ERROR;
				CLANG_WARN_QUOTED_INCLUDE_IN_FRAMEWORK_HEADER = YES;
				CLANG_WARN_RANGE_LOOP_ANALYSIS = YES;
				CLANG_WARN_STRICT_PROTOTYPES = YES;
				CLANG_WARN_SUSPICIOUS_MOVE = YES;
				CLANG_WARN_UNGUARDED_AVAILABILITY = YES_AGGRESSIVE;
				CLANG_WARN_UNREACHABLE_CODE = YES;
				CLANG_WARN__DUPLICATE_METHOD_MATCH = YES;
				COPY_PHASE_STRIP = NO;
				DEBUG_INFORMATION_FORMAT = dwarf;
				ENABLE_STRICT_OBJC_MSGSEND = YES;
				ENABLE_TESTABILITY = YES;
				ENABLE_USER_SCRIPT_SANDBOXING = YES;
				GCC_C_LANGUAGE_STANDARD = gnu17;
				GCC_DYNAMIC_NO_PIC = NO;
				GCC_NO_COMMON_BLOCKS = YES;
				GCC_OPTIMIZATION_LEVEL = 0;
				GCC_PREPROCESSOR_DEFINITIONS = (
					"DEBUG=1",
					"$(inherited)",
				);
				GCC_WARN_64_TO_32_BIT_CONVERSION = YES;
				GCC_WARN_ABOUT_RETURN_TYPE = YES_ERROR;
				GCC_WARN_UNDECLARED_SELECTOR = YES;
				GCC_WARN_UNINITIALIZED_AUTOS = YES_AGGRESSIVE;
				GCC_WARN_UNUSED_FUNCTION = YES;
				GCC_WARN_UNUSED_VARIABLE = YES;
				IPHONEOS_DEPLOYMENT_TARGET = 18.0;
				LOCALIZATION_PREFERS_STRING_CATALOGS = YES;
				MTL_ENABLE_DEBUG_INFO = INCLUDE_SOURCE;
				MTL_FAST_MATH = YES;
				ONLY_ACTIVE_ARCH = YES;
				SDKROOT = iphoneos;
				SWIFT_ACTIVE_COMPILATION_CONDITIONS = "DEBUG $(inherited)";
				SWIFT_OPTIMIZATION_LEVEL = "-Onone";
			};
			name = Debug;
		};
		44799B6C2C9BFA6100704D0D /* Release */ = {
			isa = XCBuildConfiguration;
			buildSettings = {
				ALWAYS_SEARCH_USER_PATHS = NO;
				ASSETCATALOG_COMPILER_GENERATE_SWIFT_ASSET_SYMBOL_EXTENSIONS = YES;
				CLANG_ANALYZER_NONNULL = YES;
				CLANG_ANALYZER_NUMBER_OBJECT_CONVERSION = YES_AGGRESSIVE;
				CLANG_CXX_LANGUAGE_STANDARD = "gnu++20";
				CLANG_ENABLE_MODULES = YES;
				CLANG_ENABLE_OBJC_ARC = YES;
				CLANG_ENABLE_OBJC_WEAK = YES;
				CLANG_WARN_BLOCK_CAPTURE_AUTORELEASING = YES;
				CLANG_WARN_BOOL_CONVERSION = YES;
				CLANG_WARN_COMMA = YES;
				CLANG_WARN_CONSTANT_CONVERSION = YES;
				CLANG_WARN_DEPRECATED_OBJC_IMPLEMENTATIONS = YES;
				CLANG_WARN_DIRECT_OBJC_ISA_USAGE = YES_ERROR;
				CLANG_WARN_DOCUMENTATION_COMMENTS = YES;
				CLANG_WARN_EMPTY_BODY = YES;
				CLANG_WARN_ENUM_CONVERSION = YES;
				CLANG_WARN_INFINITE_RECURSION = YES;
				CLANG_WARN_INT_CONVERSION = YES;
				CLANG_WARN_NON_LITERAL_NULL_CONVERSION = YES;
				CLANG_WARN_OBJC_IMPLICIT_RETAIN_SELF = YES;
				CLANG_WARN_OBJC_LITERAL_CONVERSION = YES;
				CLANG_WARN_OBJC_ROOT_CLASS = YES_ERROR;
				CLANG_WARN_QUOTED_INCLUDE_IN_FRAMEWORK_HEADER = YES;
				CLANG_WARN_RANGE_LOOP_ANALYSIS = YES;
				CLANG_WARN_STRICT_PROTOTYPES = YES;
				CLANG_WARN_SUSPICIOUS_MOVE = YES;
				CLANG_WARN_UNGUARDED_AVAILABILITY = YES_AGGRESSIVE;
				CLANG_WARN_UNREACHABLE_CODE = YES;
				CLANG_WARN__DUPLICATE_METHOD_MATCH = YES;
				COPY_PHASE_STRIP = NO;
				DEBUG_INFORMATION_FORMAT = "dwarf-with-dsym";
				ENABLE_NS_ASSERTIONS = NO;
				ENABLE_STRICT_OBJC_MSGSEND = YES;
				ENABLE_USER_SCRIPT_SANDBOXING = YES;
				GCC_C_LANGUAGE_STANDARD = gnu17;
				GCC_NO_COMMON_BLOCKS = YES;
				GCC_WARN_64_TO_32_BIT_CONVERSION = YES;
				GCC_WARN_ABOUT_RETURN_TYPE = YES_ERROR;
				GCC_WARN_UNDECLARED_SELECTOR = YES;
				GCC_WARN_UNINITIALIZED_AUTOS = YES_AGGRESSIVE;
				GCC_WARN_UNUSED_FUNCTION = YES;
				GCC_WARN_UNUSED_VARIABLE = YES;
				IPHONEOS_DEPLOYMENT_TARGET = 18.0;
				LOCALIZATION_PREFERS_STRING_CATALOGS = YES;
				MTL_ENABLE_DEBUG_INFO = NO;
				MTL_FAST_MATH = YES;
				SDKROOT = iphoneos;
				SWIFT_COMPILATION_MODE = wholemodule;
				VALIDATE_PRODUCT = YES;
			};
			name = Release;
		};
		44799B6E2C9BFA6100704D0D /* Debug */ = {
			isa = XCBuildConfiguration;
			buildSettings = {
				ASSETCATALOG_COMPILER_APPICON_NAME = AppIcon;
				ASSETCATALOG_COMPILER_GLOBAL_ACCENT_COLOR_NAME = AccentColor;
				CODE_SIGN_STYLE = Automatic;
				CURRENT_PROJECT_VERSION = 1;
				DEVELOPMENT_ASSET_PATHS = "\"MapLocationApp/Preview Content\"";
				DEVELOPMENT_TEAM = G6HU76Q98T;
				ENABLE_PREVIEWS = YES;
				GENERATE_INFOPLIST_FILE = YES;
				INFOPLIST_KEY_UIApplicationSceneManifest_Generation = YES;
				INFOPLIST_KEY_UIApplicationSupportsIndirectInputEvents = YES;
				INFOPLIST_KEY_UILaunchScreen_Generation = YES;
				INFOPLIST_KEY_UISupportedInterfaceOrientations_iPad = "UIInterfaceOrientationPortrait UIInterfaceOrientationPortraitUpsideDown UIInterfaceOrientationLandscapeLeft UIInterfaceOrientationLandscapeRight";
				INFOPLIST_KEY_UISupportedInterfaceOrientations_iPhone = "UIInterfaceOrientationPortrait UIInterfaceOrientationLandscapeLeft UIInterfaceOrientationLandscapeRight";
				LD_RUNPATH_SEARCH_PATHS = (
					"$(inherited)",
					"@executable_path/Frameworks",
				);
				MARKETING_VERSION = 1.0;
				NEW_SETTING = "";
				PRODUCT_BUNDLE_IDENTIFIER = company.MapLocationApp;
				PRODUCT_NAME = "$(TARGET_NAME)";
				SWIFT_EMIT_LOC_STRINGS = YES;
				SWIFT_VERSION = 5.0;
				TARGETED_DEVICE_FAMILY = "1,2";
			};
			name = Debug;
		};
		44799B6F2C9BFA6100704D0D /* Release */ = {
			isa = XCBuildConfiguration;
			buildSettings = {
				ASSETCATALOG_COMPILER_APPICON_NAME = AppIcon;
				ASSETCATALOG_COMPILER_GLOBAL_ACCENT_COLOR_NAME = AccentColor;
				CODE_SIGN_STYLE = Automatic;
				CURRENT_PROJECT_VERSION = 1;
				DEVELOPMENT_ASSET_PATHS = "\"MapLocationApp/Preview Content\"";
				DEVELOPMENT_TEAM = G6HU76Q98T;
				ENABLE_PREVIEWS = YES;
				GENERATE_INFOPLIST_FILE = YES;
				INFOPLIST_KEY_UIApplicationSceneManifest_Generation = YES;
				INFOPLIST_KEY_UIApplicationSupportsIndirectInputEvents = YES;
				INFOPLIST_KEY_UILaunchScreen_Generation = YES;
				INFOPLIST_KEY_UISupportedInterfaceOrientations_iPad = "UIInterfaceOrientationPortrait UIInterfaceOrientationPortraitUpsideDown UIInterfaceOrientationLandscapeLeft UIInterfaceOrientationLandscapeRight";
				INFOPLIST_KEY_UISupportedInterfaceOrientations_iPhone = "UIInterfaceOrientationPortrait UIInterfaceOrientationLandscapeLeft UIInterfaceOrientationLandscapeRight";
				LD_RUNPATH_SEARCH_PATHS = (
					"$(inherited)",
					"@executable_path/Frameworks",
				);
				MARKETING_VERSION = 1.0;
				NEW_SETTING = "";
				PRODUCT_BUNDLE_IDENTIFIER = company.MapLocationApp;
				PRODUCT_NAME = "$(TARGET_NAME)";
				SWIFT_EMIT_LOC_STRINGS = YES;
				SWIFT_VERSION = 5.0;
				TARGETED_DEVICE_FAMILY = "1,2";
			};
			name = Release;
		};
		44799B712C9BFA6100704D0D /* Debug */ = {
			isa = XCBuildConfiguration;
			buildSettings = {
				BUNDLE_LOADER = "$(TEST_HOST)";
				CODE_SIGN_STYLE = Automatic;
				CURRENT_PROJECT_VERSION = 1;
				GENERATE_INFOPLIST_FILE = YES;
				IPHONEOS_DEPLOYMENT_TARGET = 18.0;
				MARKETING_VERSION = 1.0;
				PRODUCT_BUNDLE_IDENTIFIER = company.MapLocationAppTests;
				PRODUCT_NAME = "$(TARGET_NAME)";
				SWIFT_EMIT_LOC_STRINGS = NO;
				SWIFT_VERSION = 5.0;
				TARGETED_DEVICE_FAMILY = "1,2";
				TEST_HOST = "$(BUILT_PRODUCTS_DIR)/MapLocationApp.app/$(BUNDLE_EXECUTABLE_FOLDER_PATH)/MapLocationApp";
			};
			name = Debug;
		};
		44799B722C9BFA6100704D0D /* Release */ = {
			isa = XCBuildConfiguration;
			buildSettings = {
				BUNDLE_LOADER = "$(TEST_HOST)";
				CODE_SIGN_STYLE = Automatic;
				CURRENT_PROJECT_VERSION = 1;
				GENERATE_INFOPLIST_FILE = YES;
				IPHONEOS_DEPLOYMENT_TARGET = 18.0;
				MARKETING_VERSION = 1.0;
				PRODUCT_BUNDLE_IDENTIFIER = company.MapLocationAppTests;
				PRODUCT_NAME = "$(TARGET_NAME)";
				SWIFT_EMIT_LOC_STRINGS = NO;
				SWIFT_VERSION = 5.0;
				TARGETED_DEVICE_FAMILY = "1,2";
				TEST_HOST = "$(BUILT_PRODUCTS_DIR)/MapLocationApp.app/$(BUNDLE_EXECUTABLE_FOLDER_PATH)/MapLocationApp";
			};
			name = Release;
		};
		44799B742C9BFA6100704D0D /* Debug */ = {
			isa = XCBuildConfiguration;
			buildSettings = {
				CODE_SIGN_STYLE = Automatic;
				CURRENT_PROJECT_VERSION = 1;
				GENERATE_INFOPLIST_FILE = YES;
				MARKETING_VERSION = 1.0;
				PRODUCT_BUNDLE_IDENTIFIER = company.MapLocationAppUITests;
				PRODUCT_NAME = "$(TARGET_NAME)";
				SWIFT_EMIT_LOC_STRINGS = NO;
				SWIFT_VERSION = 5.0;
				TARGETED_DEVICE_FAMILY = "1,2";
				TEST_TARGET_NAME = MapLocationApp;
			};
			name = Debug;
		};
		44799B752C9BFA6100704D0D /* Release */ = {
			isa = XCBuildConfiguration;
			buildSettings = {
				CODE_SIGN_STYLE = Automatic;
				CURRENT_PROJECT_VERSION = 1;
				GENERATE_INFOPLIST_FILE = YES;
				MARKETING_VERSION = 1.0;
				PRODUCT_BUNDLE_IDENTIFIER = company.MapLocationAppUITests;
				PRODUCT_NAME = "$(TARGET_NAME)";
				SWIFT_EMIT_LOC_STRINGS = NO;
				SWIFT_VERSION = 5.0;
				TARGETED_DEVICE_FAMILY = "1,2";
				TEST_TARGET_NAME = MapLocationApp;
			};
			name = Release;
		};
/* End XCBuildConfiguration section */

/* Begin XCConfigurationList section */
		44799B442C9BFA6000704D0D /* Build configuration list for PBXProject "MapLocationApp" */ = {
			isa = XCConfigurationList;
			buildConfigurations = (
				44799B6B2C9BFA6100704D0D /* Debug */,
				44799B6C2C9BFA6100704D0D /* Release */,
			);
			defaultConfigurationIsVisible = 0;
			defaultConfigurationName = Release;
		};
		44799B6D2C9BFA6100704D0D /* Build configuration list for PBXNativeTarget "MapLocationApp" */ = {
			isa = XCConfigurationList;
			buildConfigurations = (
				44799B6E2C9BFA6100704D0D /* Debug */,
				44799B6F2C9BFA6100704D0D /* Release */,
			);
			defaultConfigurationIsVisible = 0;
			defaultConfigurationName = Release;
		};
		44799B702C9BFA6100704D0D /* Build configuration list for PBXNativeTarget "MapLocationAppTests" */ = {
			isa = XCConfigurationList;
			buildConfigurations = (
				44799B712C9BFA6100704D0D /* Debug */,
				44799B722C9BFA6100704D0D /* Release */,
			);
			defaultConfigurationIsVisible = 0;
			defaultConfigurationName = Release;
		};
		44799B732C9BFA6100704D0D /* Build configuration list for PBXNativeTarget "MapLocationAppUITests" */ = {
			isa = XCConfigurationList;
			buildConfigurations = (
				44799B742C9BFA6100704D0D /* Debug */,
				44799B752C9BFA6100704D0D /* Release */,
			);
			defaultConfigurationIsVisible = 0;
			defaultConfigurationName = Release;
		};
/* End XCConfigurationList section */
	};
	rootObject = 44799B412C9BFA6000704D0D /* Project object */;
}
